// !$*UTF8*$!
{
	archiveVersion = 1;
	classes = {
	};
	objectVersion = 48;
	objects = {

/* Begin PBXBuildFile section */
		675E556A20AD25A300972BA8 /* subObject.m in Sources */ = {isa = PBXBuildFile; fileRef = 675E556920AD25A300972BA8 /* subObject.m */; };
		67811DCE20AA879C00B1D737 /* AppDelegate.m in Sources */ = {isa = PBXBuildFile; fileRef = 67811DCD20AA879C00B1D737 /* AppDelegate.m */; };
		67811DD120AA879D00B1D737 /* ViewController.m in Sources */ = {isa = PBXBuildFile; fileRef = 67811DD020AA879D00B1D737 /* ViewController.m */; };
		67811DD420AA879D00B1D737 /* Main.storyboard in Resources */ = {isa = PBXBuildFile; fileRef = 67811DD220AA879D00B1D737 /* Main.storyboard */; };
		67811DD620AA879D00B1D737 /* Assets.xcassets in Resources */ = {isa = PBXBuildFile; fileRef = 67811DD520AA879D00B1D737 /* Assets.xcassets */; };
		67811DD920AA879D00B1D737 /* LaunchScreen.storyboard in Resources */ = {isa = PBXBuildFile; fileRef = 67811DD720AA879D00B1D737 /* LaunchScreen.storyboard */; };
		67811DDC20AA879D00B1D737 /* main.m in Sources */ = {isa = PBXBuildFile; fileRef = 67811DDB20AA879D00B1D737 /* main.m */; };
		67811DE620AA879E00B1D737 /* KVO_TestTests.m in Sources */ = {isa = PBXBuildFile; fileRef = 67811DE520AA879E00B1D737 /* KVO_TestTests.m */; };
		67811DF120AA879E00B1D737 /* KVO_TestUITests.m in Sources */ = {isa = PBXBuildFile; fileRef = 67811DF020AA879E00B1D737 /* KVO_TestUITests.m */; };
		67811E0320AA87D800B1D737 /* PPObserver.m in Sources */ = {isa = PBXBuildFile; fileRef = 67811E0220AA87D800B1D737 /* PPObserver.m */; };
		67811E0620AA8C7400B1D737 /* PPObject.m in Sources */ = {isa = PBXBuildFile; fileRef = 67811E0520AA8C7400B1D737 /* PPObject.m */; };
/* End PBXBuildFile section */

/* Begin PBXContainerItemProxy section */
		67811DE220AA879E00B1D737 /* PBXContainerItemProxy */ = {
			isa = PBXContainerItemProxy;
			containerPortal = 67811DC120AA879C00B1D737 /* Project object */;
			proxyType = 1;
			remoteGlobalIDString = 67811DC820AA879C00B1D737;
			remoteInfo = KVO_Test;
		};
		67811DED20AA879E00B1D737 /* PBXContainerItemProxy */ = {
			isa = PBXContainerItemProxy;
			containerPortal = 67811DC120AA879C00B1D737 /* Project object */;
			proxyType = 1;
			remoteGlobalIDString = 67811DC820AA879C00B1D737;
			remoteInfo = KVO_Test;
		};
/* End PBXContainerItemProxy section */

/* Begin PBXFileReference section */
		675E556820AD25A300972BA8 /* subObject.h */ = {isa = PBXFileReference; lastKnownFileType = sourcecode.c.h; path = subObject.h; sourceTree = "<group>"; };
		675E556920AD25A300972BA8 /* subObject.m */ = {isa = PBXFileReference; lastKnownFileType = sourcecode.c.objc; path = subObject.m; sourceTree = "<group>"; };
		67811DC920AA879C00B1D737 /* KVO_Test.app */ = {isa = PBXFileReference; explicitFileType = wrapper.application; includeInIndex = 0; path = KVO_Test.app; sourceTree = BUILT_PRODUCTS_DIR; };
		67811DCC20AA879C00B1D737 /* AppDelegate.h */ = {isa = PBXFileReference; lastKnownFileType = sourcecode.c.h; path = AppDelegate.h; sourceTree = "<group>"; };
		67811DCD20AA879C00B1D737 /* AppDelegate.m */ = {isa = PBXFileReference; lastKnownFileType = sourcecode.c.objc; path = AppDelegate.m; sourceTree = "<group>"; };
		67811DCF20AA879C00B1D737 /* ViewController.h */ = {isa = PBXFileReference; lastKnownFileType = sourcecode.c.h; path = ViewController.h; sourceTree = "<group>"; };
		67811DD020AA879D00B1D737 /* ViewController.m */ = {isa = PBXFileReference; lastKnownFileType = sourcecode.c.objc; path = ViewController.m; sourceTree = "<group>"; };
		67811DD320AA879D00B1D737 /* Base */ = {isa = PBXFileReference; lastKnownFileType = file.storyboard; name = Base; path = Base.lproj/Main.storyboard; sourceTree = "<group>"; };
		67811DD520AA879D00B1D737 /* Assets.xcassets */ = {isa = PBXFileReference; lastKnownFileType = folder.assetcatalog; path = Assets.xcassets; sourceTree = "<group>"; };
		67811DD820AA879D00B1D737 /* Base */ = {isa = PBXFileReference; lastKnownFileType = file.storyboard; name = Base; path = Base.lproj/LaunchScreen.storyboard; sourceTree = "<group>"; };
		67811DDA20AA879D00B1D737 /* Info.plist */ = {isa = PBXFileReference; lastKnownFileType = text.plist.xml; path = Info.plist; sourceTree = "<group>"; };
		67811DDB20AA879D00B1D737 /* main.m */ = {isa = PBXFileReference; lastKnownFileType = sourcecode.c.objc; path = main.m; sourceTree = "<group>"; };
		67811DE120AA879E00B1D737 /* KVO_TestTests.xctest */ = {isa = PBXFileReference; explicitFileType = wrapper.cfbundle; includeInIndex = 0; path = KVO_TestTests.xctest; sourceTree = BUILT_PRODUCTS_DIR; };
		67811DE520AA879E00B1D737 /* KVO_TestTests.m */ = {isa = PBXFileReference; lastKnownFileType = sourcecode.c.objc; path = KVO_TestTests.m; sourceTree = "<group>"; };
		67811DE720AA879E00B1D737 /* Info.plist */ = {isa = PBXFileReference; lastKnownFileType = text.plist.xml; path = Info.plist; sourceTree = "<group>"; };
		67811DEC20AA879E00B1D737 /* KVO_TestUITests.xctest */ = {isa = PBXFileReference; explicitFileType = wrapper.cfbundle; includeInIndex = 0; path = KVO_TestUITests.xctest; sourceTree = BUILT_PRODUCTS_DIR; };
		67811DF020AA879E00B1D737 /* KVO_TestUITests.m */ = {isa = PBXFileReference; lastKnownFileType = sourcecode.c.objc; path = KVO_TestUITests.m; sourceTree = "<group>"; };
		67811DF220AA879E00B1D737 /* Info.plist */ = {isa = PBXFileReference; lastKnownFileType = text.plist.xml; path = Info.plist; sourceTree = "<group>"; };
		67811E0120AA87D800B1D737 /* PPObserver.h */ = {isa = PBXFileReference; lastKnownFileType = sourcecode.c.h; path = PPObserver.h; sourceTree = "<group>"; };
		67811E0220AA87D800B1D737 /* PPObserver.m */ = {isa = PBXFileReference; lastKnownFileType = sourcecode.c.objc; path = PPObserver.m; sourceTree = "<group>"; };
		67811E0420AA8C7400B1D737 /* PPObject.h */ = {isa = PBXFileReference; lastKnownFileType = sourcecode.c.h; path = PPObject.h; sourceTree = "<group>"; };
		67811E0520AA8C7400B1D737 /* PPObject.m */ = {isa = PBXFileReference; lastKnownFileType = sourcecode.c.objc; path = PPObject.m; sourceTree = "<group>"; };
/* End PBXFileReference section */

/* Begin PBXFrameworksBuildPhase section */
		67811DC620AA879C00B1D737 /* Frameworks */ = {
			isa = PBXFrameworksBuildPhase;
			buildActionMask = 2147483647;
			files = (
			);
			runOnlyForDeploymentPostprocessing = 0;
		};
		67811DDE20AA879E00B1D737 /* Frameworks */ = {
			isa = PBXFrameworksBuildPhase;
			buildActionMask = 2147483647;
			files = (
			);
			runOnlyForDeploymentPostprocessing = 0;
		};
		67811DE920AA879E00B1D737 /* Frameworks */ = {
			isa = PBXFrameworksBuildPhase;
			buildActionMask = 2147483647;
			files = (
			);
			runOnlyForDeploymentPostprocessing = 0;
		};
/* End PBXFrameworksBuildPhase section */

/* Begin PBXGroup section */
		67811DC020AA879C00B1D737 = {
			isa = PBXGroup;
			children = (
				67811DCB20AA879C00B1D737 /* KVO_Test */,
				67811DE420AA879E00B1D737 /* KVO_TestTests */,
				67811DEF20AA879E00B1D737 /* KVO_TestUITests */,
				67811DCA20AA879C00B1D737 /* Products */,
			);
			sourceTree = "<group>";
		};
		67811DCA20AA879C00B1D737 /* Products */ = {
			isa = PBXGroup;
			children = (
				67811DC920AA879C00B1D737 /* KVO_Test.app */,
				67811DE120AA879E00B1D737 /* KVO_TestTests.xctest */,
				67811DEC20AA879E00B1D737 /* KVO_TestUITests.xctest */,
			);
			name = Products;
			sourceTree = "<group>";
		};
		67811DCB20AA879C00B1D737 /* KVO_Test */ = {
			isa = PBXGroup;
			children = (
				67811DCC20AA879C00B1D737 /* AppDelegate.h */,
				67811DCD20AA879C00B1D737 /* AppDelegate.m */,
				67811DCF20AA879C00B1D737 /* ViewController.h */,
				67811DD020AA879D00B1D737 /* ViewController.m */,
				67811DD220AA879D00B1D737 /* Main.storyboard */,
				67811DD520AA879D00B1D737 /* Assets.xcassets */,
				67811DD720AA879D00B1D737 /* LaunchScreen.storyboard */,
				67811DDA20AA879D00B1D737 /* Info.plist */,
				67811DDB20AA879D00B1D737 /* main.m */,
				67811E0120AA87D800B1D737 /* PPObserver.h */,
				67811E0220AA87D800B1D737 /* PPObserver.m */,
				67811E0420AA8C7400B1D737 /* PPObject.h */,
				67811E0520AA8C7400B1D737 /* PPObject.m */,
				675E556820AD25A300972BA8 /* subObject.h */,
				675E556920AD25A300972BA8 /* subObject.m */,
			);
			path = KVO_Test;
			sourceTree = "<group>";
		};
		67811DE420AA879E00B1D737 /* KVO_TestTests */ = {
			isa = PBXGroup;
			children = (
				67811DE520AA879E00B1D737 /* KVO_TestTests.m */,
				67811DE720AA879E00B1D737 /* Info.plist */,
			);
			path = KVO_TestTests;
			sourceTree = "<group>";
		};
		67811DEF20AA879E00B1D737 /* KVO_TestUITests */ = {
			isa = PBXGroup;
			children = (
				67811DF020AA879E00B1D737 /* KVO_TestUITests.m */,
				67811DF220AA879E00B1D737 /* Info.plist */,
			);
			path = KVO_TestUITests;
			sourceTree = "<group>";
		};
/* End PBXGroup section */

/* Begin PBXNativeTarget section */
		67811DC820AA879C00B1D737 /* KVO_Test */ = {
			isa = PBXNativeTarget;
			buildConfigurationList = 67811DF520AA879E00B1D737 /* Build configuration list for PBXNativeTarget "KVO_Test" */;
			buildPhases = (
				67811DC520AA879C00B1D737 /* Sources */,
				67811DC620AA879C00B1D737 /* Frameworks */,
				67811DC720AA879C00B1D737 /* Resources */,
			);
			buildRules = (
			);
			dependencies = (
			);
			name = KVO_Test;
			productName = KVO_Test;
			productReference = 67811DC920AA879C00B1D737 /* KVO_Test.app */;
			productType = "com.apple.product-type.application";
		};
		67811DE020AA879E00B1D737 /* KVO_TestTests */ = {
			isa = PBXNativeTarget;
			buildConfigurationList = 67811DF820AA879E00B1D737 /* Build configuration list for PBXNativeTarget "KVO_TestTests" */;
			buildPhases = (
				67811DDD20AA879E00B1D737 /* Sources */,
				67811DDE20AA879E00B1D737 /* Frameworks */,
				67811DDF20AA879E00B1D737 /* Resources */,
			);
			buildRules = (
			);
			dependencies = (
				67811DE320AA879E00B1D737 /* PBXTargetDependency */,
			);
			name = KVO_TestTests;
			productName = KVO_TestTests;
			productReference = 67811DE120AA879E00B1D737 /* KVO_TestTests.xctest */;
			productType = "com.apple.product-type.bundle.unit-test";
		};
		67811DEB20AA879E00B1D737 /* KVO_TestUITests */ = {
			isa = PBXNativeTarget;
			buildConfigurationList = 67811DFB20AA879E00B1D737 /* Build configuration list for PBXNativeTarget "KVO_TestUITests" */;
			buildPhases = (
				67811DE820AA879E00B1D737 /* Sources */,
				67811DE920AA879E00B1D737 /* Frameworks */,
				67811DEA20AA879E00B1D737 /* Resources */,
			);
			buildRules = (
			);
			dependencies = (
				67811DEE20AA879E00B1D737 /* PBXTargetDependency */,
			);
			name = KVO_TestUITests;
			productName = KVO_TestUITests;
			productReference = 67811DEC20AA879E00B1D737 /* KVO_TestUITests.xctest */;
			productType = "com.apple.product-type.bundle.ui-testing";
		};
/* End PBXNativeTarget section */

/* Begin PBXProject section */
		67811DC120AA879C00B1D737 /* Project object */ = {
			isa = PBXProject;
			attributes = {
				LastUpgradeCheck = 0920;
				ORGANIZATIONNAME = "Liao PanPan";
				TargetAttributes = {
					67811DC820AA879C00B1D737 = {
						CreatedOnToolsVersion = 9.2;
						ProvisioningStyle = Automatic;
					};
					67811DE020AA879E00B1D737 = {
						CreatedOnToolsVersion = 9.2;
						ProvisioningStyle = Automatic;
						TestTargetID = 67811DC820AA879C00B1D737;
					};
					67811DEB20AA879E00B1D737 = {
						CreatedOnToolsVersion = 9.2;
						ProvisioningStyle = Automatic;
						TestTargetID = 67811DC820AA879C00B1D737;
					};
				};
			};
			buildConfigurationList = 67811DC420AA879C00B1D737 /* Build configuration list for PBXProject "KVO_Test" */;
			compatibilityVersion = "Xcode 8.0";
			developmentRegion = en;
			hasScannedForEncodings = 0;
			knownRegions = (
				en,
				Base,
			);
			mainGroup = 67811DC020AA879C00B1D737;
			productRefGroup = 67811DCA20AA879C00B1D737 /* Products */;
			projectDirPath = "";
			projectRoot = "";
			targets = (
				67811DC820AA879C00B1D737 /* KVO_Test */,
				67811DE020AA879E00B1D737 /* KVO_TestTests */,
				67811DEB20AA879E00B1D737 /* KVO_TestUITests */,
			);
		};
/* End PBXProject section */

/* Begin PBXResourcesBuildPhase section */
		67811DC720AA879C00B1D737 /* Resources */ = {
			isa = PBXResourcesBuildPhase;
			buildActionMask = 2147483647;
			files = (
				67811DD920AA879D00B1D737 /* LaunchScreen.storyboard in Resources */,
				67811DD620AA879D00B1D737 /* Assets.xcassets in Resources */,
				67811DD420AA879D00B1D737 /* Main.storyboard in Resources */,
			);
			runOnlyForDeploymentPostprocessing = 0;
		};
		67811DDF20AA879E00B1D737 /* Resources */ = {
			isa = PBXResourcesBuildPhase;
			buildActionMask = 2147483647;
			files = (
			);
			runOnlyForDeploymentPostprocessing = 0;
		};
		67811DEA20AA879E00B1D737 /* Resources */ = {
			isa = PBXResourcesBuildPhase;
			buildActionMask = 2147483647;
			files = (
			);
			runOnlyForDeploymentPostprocessing = 0;
		};
/* End PBXResourcesBuildPhase section */

/* Begin PBXSourcesBuildPhase section */
		67811DC520AA879C00B1D737 /* Sources */ = {
			isa = PBXSourcesBuildPhase;
			buildActionMask = 2147483647;
			files = (
				67811DD120AA879D00B1D737 /* ViewController.m in Sources */,
				675E556A20AD25A300972BA8 /* subObject.m in Sources */,
				67811E0320AA87D800B1D737 /* PPObserver.m in Sources */,
				67811DDC20AA879D00B1D737 /* main.m in Sources */,
				67811DCE20AA879C00B1D737 /* AppDelegate.m in Sources */,
				67811E0620AA8C7400B1D737 /* PPObject.m in Sources */,
			);
			runOnlyForDeploymentPostprocessing = 0;
		};
		67811DDD20AA879E00B1D737 /* Sources */ = {
			isa = PBXSourcesBuildPhase;
			buildActionMask = 2147483647;
			files = (
				67811DE620AA879E00B1D737 /* KVO_TestTests.m in Sources */,
			);
			runOnlyForDeploymentPostprocessing = 0;
		};
		67811DE820AA879E00B1D737 /* Sources */ = {
			isa = PBXSourcesBuildPhase;
			buildActionMask = 2147483647;
			files = (
				67811DF120AA879E00B1D737 /* KVO_TestUITests.m in Sources */,
			);
			runOnlyForDeploymentPostprocessing = 0;
		};
/* End PBXSourcesBuildPhase section */

/* Begin PBXTargetDependency section */
		67811DE320AA879E00B1D737 /* PBXTargetDependency */ = {
			isa = PBXTargetDependency;
			target = 67811DC820AA879C00B1D737 /* KVO_Test */;
			targetProxy = 67811DE220AA879E00B1D737 /* PBXContainerItemProxy */;
		};
		67811DEE20AA879E00B1D737 /* PBXTargetDependency */ = {
			isa = PBXTargetDependency;
			target = 67811DC820AA879C00B1D737 /* KVO_Test */;
			targetProxy = 67811DED20AA879E00B1D737 /* PBXContainerItemProxy */;
		};
/* End PBXTargetDependency section */

/* Begin PBXVariantGroup section */
		67811DD220AA879D00B1D737 /* Main.storyboard */ = {
			isa = PBXVariantGroup;
			children = (
				67811DD320AA879D00B1D737 /* Base */,
			);
			name = Main.storyboard;
			sourceTree = "<group>";
		};
		67811DD720AA879D00B1D737 /* LaunchScreen.storyboard */ = {
			isa = PBXVariantGroup;
			children = (
				67811DD820AA879D00B1D737 /* Base */,
			);
			name = LaunchScreen.storyboard;
			sourceTree = "<group>";
		};
/* End PBXVariantGroup section */

/* Begin XCBuildConfiguration section */
		67811DF320AA879E00B1D737 /* Debug */ = {
			isa = XCBuildConfiguration;
			buildSettings = {
				ALWAYS_SEARCH_USER_PATHS = NO;
				CLANG_ANALYZER_NONNULL = YES;
				CLANG_ANALYZER_NUMBER_OBJECT_CONVERSION = YES_AGGRESSIVE;
				CLANG_CXX_LANGUAGE_STANDARD = "gnu++14";
				CLANG_CXX_LIBRARY = "libc++";
				CLANG_ENABLE_MODULES = YES;
				CLANG_ENABLE_OBJC_ARC = YES;
				CLANG_WARN_BLOCK_CAPTURE_AUTORELEASING = YES;
				CLANG_WARN_BOOL_CONVERSION = YES;
				CLANG_WARN_COMMA = YES;
				CLANG_WARN_CONSTANT_CONVERSION = YES;
				CLANG_WARN_DIRECT_OBJC_ISA_USAGE = YES_ERROR;
				CLANG_WARN_DOCUMENTATION_COMMENTS = YES;
				CLANG_WARN_EMPTY_BODY = YES;
				CLANG_WARN_ENUM_CONVERSION = YES;
				CLANG_WARN_INFINITE_RECURSION = YES;
				CLANG_WARN_INT_CONVERSION = YES;
				CLANG_WARN_NON_LITERAL_NULL_CONVERSION = YES;
				CLANG_WARN_OBJC_LITERAL_CONVERSION = YES;
				CLANG_WARN_OBJC_ROOT_CLASS = YES_ERROR;
				CLANG_WARN_RANGE_LOOP_ANALYSIS = YES;
				CLANG_WARN_STRICT_PROTOTYPES = YES;
				CLANG_WARN_SUSPICIOUS_MOVE = YES;
				CLANG_WARN_UNGUARDED_AVAILABILITY = YES_AGGRESSIVE;
				CLANG_WARN_UNREACHABLE_CODE = YES;
				CLANG_WARN__DUPLICATE_METHOD_MATCH = YES;
				CODE_SIGN_IDENTITY = "iPhone Developer";
				COPY_PHASE_STRIP = NO;
				DEBUG_INFORMATION_FORMAT = dwarf;
				ENABLE_STRICT_OBJC_MSGSEND = YES;
				ENABLE_TESTABILITY = YES;
				GCC_C_LANGUAGE_STANDARD = gnu11;
				GCC_DYNAMIC_NO_PIC = NO;
				GCC_NO_COMMON_BLOCKS = YES;
				GCC_OPTIMIZATION_LEVEL = 0;
				GCC_PREPROCESSOR_DEFINITIONS = (
					"DEBUG=1",
					"$(inherited)",
				);
				GCC_WARN_64_TO_32_BIT_CONVERSION = YES;
				GCC_WARN_ABOUT_RETURN_TYPE = YES_ERROR;
				GCC_WARN_UNDECLARED_SELECTOR = YES;
				GCC_WARN_UNINITIALIZED_AUTOS = YES_AGGRESSIVE;
				GCC_WARN_UNUSED_FUNCTION = YES;
				GCC_WARN_UNUSED_VARIABLE = YES;
				IPHONEOS_DEPLOYMENT_TARGET = 11.2;
				MTL_ENABLE_DEBUG_INFO = YES;
				ONLY_ACTIVE_ARCH = YES;
				SDKROOT = iphoneos;
			};
			name = Debug;
		};
		67811DF420AA879E00B1D737 /* Release */ = {
			isa = XCBuildConfiguration;
			buildSettings = {
				ALWAYS_SEARCH_USER_PATHS = NO;
				CLANG_ANALYZER_NONNULL = YES;
				CLANG_ANALYZER_NUMBER_OBJECT_CONVERSION = YES_AGGRESSIVE;
				CLANG_CXX_LANGUAGE_STANDARD = "gnu++14";
				CLANG_CXX_LIBRARY = "libc++";
				CLANG_ENABLE_MODULES = YES;
				CLANG_ENABLE_OBJC_ARC = YES;
				CLANG_WARN_BLOCK_CAPTURE_AUTORELEASING = YES;
				CLANG_WARN_BOOL_CONVERSION = YES;
				CLANG_WARN_COMMA = YES;
				CLANG_WARN_CONSTANT_CONVERSION = YES;
				CLANG_WARN_DIRECT_OBJC_ISA_USAGE = YES_ERROR;
				CLANG_WARN_DOCUMENTATION_COMMENTS = YES;
				CLANG_WARN_EMPTY_BODY = YES;
				CLANG_WARN_ENUM_CONVERSION = YES;
				CLANG_WARN_INFINITE_RECURSION = YES;
				CLANG_WARN_INT_CONVERSION = YES;
				CLANG_WARN_NON_LITERAL_NULL_CONVERSION = YES;
				CLANG_WARN_OBJC_LITERAL_CONVERSION = YES;
				CLANG_WARN_OBJC_ROOT_CLASS = YES_ERROR;
				CLANG_WARN_RANGE_LOOP_ANALYSIS = YES;
				CLANG_WARN_STRICT_PROTOTYPES = YES;
				CLANG_WARN_SUSPICIOUS_MOVE = YES;
				CLANG_WARN_UNGUARDED_AVAILABILITY = YES_AGGRESSIVE;
				CLANG_WARN_UNREACHABLE_CODE = YES;
				CLANG_WARN__DUPLICATE_METHOD_MATCH = YES;
				CODE_SIGN_IDENTITY = "iPhone Developer";
				COPY_PHASE_STRIP = NO;
				DEBUG_INFORMATION_FORMAT = "dwarf-with-dsym";
				ENABLE_NS_ASSERTIONS = NO;
				ENABLE_STRICT_OBJC_MSGSEND = YES;
				GCC_C_LANGUAGE_STANDARD = gnu11;
				GCC_NO_COMMON_BLOCKS = YES;
				GCC_WARN_64_TO_32_BIT_CONVERSION = YES;
				GCC_WARN_ABOUT_RETURN_TYPE = YES_ERROR;
				GCC_WARN_UNDECLARED_SELECTOR = YES;
				GCC_WARN_UNINITIALIZED_AUTOS = YES_AGGRESSIVE;
				GCC_WARN_UNUSED_FUNCTION = YES;
				GCC_WARN_UNUSED_VARIABLE = YES;
				IPHONEOS_DEPLOYMENT_TARGET = 11.2;
				MTL_ENABLE_DEBUG_INFO = NO;
				SDKROOT = iphoneos;
				VALIDATE_PRODUCT = YES;
			};
			name = Release;
		};
		67811DF620AA879E00B1D737 /* Debug */ = {
			isa = XCBuildConfiguration;
			buildSettings = {
				ASSETCATALOG_COMPILER_APPICON_NAME = AppIcon;
				CODE_SIGN_STYLE = Automatic;
				DEVELOPMENT_TEAM = K4YX79HD2P;
				INFOPLIST_FILE = KVO_Test/Info.plist;
				IPHONEOS_DEPLOYMENT_TARGET = 10.0;
				LD_RUNPATH_SEARCH_PATHS = "$(inherited) @executable_path/Frameworks";
				PRODUCT_BUNDLE_IDENTIFIER = "com.amez.KVO-Test";
				PRODUCT_NAME = "$(TARGET_NAME)";
				TARGETED_DEVICE_FAMILY = "1,2";
			};
			name = Debug;
		};
		67811DF720AA879E00B1D737 /* Release */ = {
			isa = XCBuildConfiguration;
			buildSettings = {
				ASSETCATALOG_COMPILER_APPICON_NAME = AppIcon;
				CODE_SIGN_STYLE = Automatic;
				DEVELOPMENT_TEAM = K4YX79HD2P;
				INFOPLIST_FILE = KVO_Test/Info.plist;
				IPHONEOS_DEPLOYMENT_TARGET = 10.0;
				LD_RUNPATH_SEARCH_PATHS = "$(inherited) @executable_path/Frameworks";
				PRODUCT_BUNDLE_IDENTIFIER = "com.amez.KVO-Test";
				PRODUCT_NAME = "$(TARGET_NAME)";
				TARGETED_DEVICE_FAMILY = "1,2";
			};
			name = Release;
		};
		67811DF920AA879E00B1D737 /* Debug */ = {
			isa = XCBuildConfiguration;
			buildSettings = {
				BUNDLE_LOADER = "$(TEST_HOST)";
				CODE_SIGN_STYLE = Automatic;
				DEVELOPMENT_TEAM = K4YX79HD2P;
				INFOPLIST_FILE = KVO_TestTests/Info.plist;
				LD_RUNPATH_SEARCH_PATHS = "$(inherited) @executable_path/Frameworks @loader_path/Frameworks";
				PRODUCT_BUNDLE_IDENTIFIER = "com.amez.KVO-TestTests";
				PRODUCT_NAME = "$(TARGET_NAME)";
				TARGETED_DEVICE_FAMILY = "1,2";
				TEST_HOST = "$(BUILT_PRODUCTS_DIR)/KVO_Test.app/KVO_Test";
			};
			name = Debug;
		};
		67811DFA20AA879E00B1D737 /* Release */ = {
			isa = XCBuildConfiguration;
			buildSettings = {
				BUNDLE_LOADER = "$(TEST_HOST)";
				CODE_SIGN_STYLE = Automatic;
				DEVELOPMENT_TEAM = K4YX79HD2P;
				INFOPLIST_FILE = KVO_TestTests/Info.plist;
				LD_RUNPATH_SEARCH_PATHS = "$(inherited) @executable_path/Frameworks @loader_path/Frameworks";
				PRODUCT_BUNDLE_IDENTIFIER = "com.amez.KVO-TestTests";
				PRODUCT_NAME = "$(TARGET_NAME)";
				TARGETED_DEVICE_FAMILY = "1,2";
				TEST_HOST = "$(BUILT_PRODUCTS_DIR)/KVO_Test.app/KVO_Test";
			};
			name = Release;
		};
		67811DFC20AA879E00B1D737 /* Debug */ = {
			isa = XCBuildConfiguration;
			buildSettings = {
				CODE_SIGN_STYLE = Automatic;
				DEVELOPMENT_TEAM = K4YX79HD2P;
				INFOPLIST_FILE = KVO_TestUITests/Info.plist;
				LD_RUNPATH_SEARCH_PATHS = "$(inherited) @executable_path/Frameworks @loader_path/Frameworks";
				PRODUCT_BUNDLE_IDENTIFIER = "com.amez.KVO-TestUITests";
				PRODUCT_NAME = "$(TARGET_NAME)";
				TARGETED_DEVICE_FAMILY = "1,2";
				TEST_TARGET_NAME = KVO_Test;
			};
			name = Debug;
		};
		67811DFD20AA879E00B1D737 /* Release */ = {
			isa = XCBuildConfiguration;
			buildSettings = {
				CODE_SIGN_STYLE = Automatic;
				DEVELOPMENT_TEAM = K4YX79HD2P;
				INFOPLIST_FILE = KVO_TestUITests/Info.plist;
				LD_RUNPATH_SEARCH_PATHS = "$(inherited) @executable_path/Frameworks @loader_path/Frameworks";
				PRODUCT_BUNDLE_IDENTIFIER = "com.amez.KVO-TestUITests";
				PRODUCT_NAME = "$(TARGET_NAME)";
				TARGETED_DEVICE_FAMILY = "1,2";
				TEST_TARGET_NAME = KVO_Test;
			};
			name = Release;
		};
/* End XCBuildConfiguration section */

/* Begin XCConfigurationList section */
		67811DC420AA879C00B1D737 /* Build configuration list for PBXProject "KVO_Test" */ = {
			isa = XCConfigurationList;
			buildConfigurations = (
				67811DF320AA879E00B1D737 /* Debug */,
				67811DF420AA879E00B1D737 /* Release */,
			);
			defaultConfigurationIsVisible = 0;
			defaultConfigurationName = Release;
		};
		67811DF520AA879E00B1D737 /* Build configuration list for PBXNativeTarget "KVO_Test" */ = {
			isa = XCConfigurationList;
			buildConfigurations = (
				67811DF620AA879E00B1D737 /* Debug */,
				67811DF720AA879E00B1D737 /* Release */,
			);
			defaultConfigurationIsVisible = 0;
			defaultConfigurationName = Release;
		};
		67811DF820AA879E00B1D737 /* Build configuration list for PBXNativeTarget "KVO_TestTests" */ = {
			isa = XCConfigurationList;
			buildConfigurations = (
				67811DF920AA879E00B1D737 /* Debug */,
				67811DFA20AA879E00B1D737 /* Release */,
			);
			defaultConfigurationIsVisible = 0;
			defaultConfigurationName = Release;
		};
		67811DFB20AA879E00B1D737 /* Build configuration list for PBXNativeTarget "KVO_TestUITests" */ = {
			isa = XCConfigurationList;
			buildConfigurations = (
				67811DFC20AA879E00B1D737 /* Debug */,
				67811DFD20AA879E00B1D737 /* Release */,
			);
			defaultConfigurationIsVisible = 0;
			defaultConfigurationName = Release;
		};
/* End XCConfigurationList section */
	};
	rootObject = 67811DC120AA879C00B1D737 /* Project object */;
}
